// !$*UTF8*$!
{
	archiveVersion = 1;
	classes = {
	};
	objectVersion = 50;
	objects = {

/* Begin PBXBuildFile section */
		9145A36E210DEB1E00F560E7 /* FetcherError.swift in Sources */ = {isa = PBXBuildFile; fileRef = 9145A36D210DEB1E00F560E7 /* FetcherError.swift */; };
		91D7BBFC20D1EE41003056A4 /* GenericFetcher.framework in Frameworks */ = {isa = PBXBuildFile; fileRef = 91D7BBF220D1EE41003056A4 /* GenericFetcher.framework */; };
		91D7BC0120D1EE41003056A4 /* GenericFetcherTests.swift in Sources */ = {isa = PBXBuildFile; fileRef = 91D7BC0020D1EE41003056A4 /* GenericFetcherTests.swift */; };
		91D7BC0320D1EE41003056A4 /* GenericFetcher.h in Headers */ = {isa = PBXBuildFile; fileRef = 91D7BBF520D1EE41003056A4 /* GenericFetcher.h */; settings = {ATTRIBUTES = (Public, ); }; };
		91D7BC0F20D1EED8003056A4 /* Extensions.swift in Sources */ = {isa = PBXBuildFile; fileRef = 91D7BC0C20D1EED8003056A4 /* Extensions.swift */; };
		91D7BC1020D1EED8003056A4 /* CacheHandler.swift in Sources */ = {isa = PBXBuildFile; fileRef = 91D7BC0D20D1EED8003056A4 /* CacheHandler.swift */; };
		91D7BC1120D1EED8003056A4 /* Fetcher.swift in Sources */ = {isa = PBXBuildFile; fileRef = 91D7BC0E20D1EED8003056A4 /* Fetcher.swift */; };
/* End PBXBuildFile section */

/* Begin PBXContainerItemProxy section */
		91D7BBFD20D1EE41003056A4 /* PBXContainerItemProxy */ = {
			isa = PBXContainerItemProxy;
			containerPortal = 91D7BBE920D1EE41003056A4 /* Project object */;
			proxyType = 1;
			remoteGlobalIDString = 91D7BBF120D1EE41003056A4;
			remoteInfo = GenericFetcher;
		};
/* End PBXContainerItemProxy section */

/* Begin PBXFileReference section */
		9145A36D210DEB1E00F560E7 /* FetcherError.swift */ = {isa = PBXFileReference; lastKnownFileType = sourcecode.swift; path = FetcherError.swift; sourceTree = "<group>"; };
		91D7BBF220D1EE41003056A4 /* GenericFetcher.framework */ = {isa = PBXFileReference; explicitFileType = wrapper.framework; includeInIndex = 0; path = GenericFetcher.framework; sourceTree = BUILT_PRODUCTS_DIR; };
		91D7BBF520D1EE41003056A4 /* GenericFetcher.h */ = {isa = PBXFileReference; lastKnownFileType = sourcecode.c.h; path = GenericFetcher.h; sourceTree = "<group>"; };
		91D7BBF620D1EE41003056A4 /* Info.plist */ = {isa = PBXFileReference; lastKnownFileType = text.plist.xml; path = Info.plist; sourceTree = "<group>"; };
		91D7BBFB20D1EE41003056A4 /* GenericFetcherTests.xctest */ = {isa = PBXFileReference; explicitFileType = wrapper.cfbundle; includeInIndex = 0; path = GenericFetcherTests.xctest; sourceTree = BUILT_PRODUCTS_DIR; };
		91D7BC0020D1EE41003056A4 /* GenericFetcherTests.swift */ = {isa = PBXFileReference; lastKnownFileType = sourcecode.swift; path = GenericFetcherTests.swift; sourceTree = "<group>"; };
		91D7BC0220D1EE41003056A4 /* Info.plist */ = {isa = PBXFileReference; lastKnownFileType = text.plist.xml; path = Info.plist; sourceTree = "<group>"; };
		91D7BC0C20D1EED8003056A4 /* Extensions.swift */ = {isa = PBXFileReference; fileEncoding = 4; lastKnownFileType = sourcecode.swift; path = Extensions.swift; sourceTree = "<group>"; };
		91D7BC0D20D1EED8003056A4 /* CacheHandler.swift */ = {isa = PBXFileReference; fileEncoding = 4; lastKnownFileType = sourcecode.swift; path = CacheHandler.swift; sourceTree = "<group>"; };
		91D7BC0E20D1EED8003056A4 /* Fetcher.swift */ = {isa = PBXFileReference; fileEncoding = 4; lastKnownFileType = sourcecode.swift; path = Fetcher.swift; sourceTree = "<group>"; };
/* End PBXFileReference section */

/* Begin PBXFrameworksBuildPhase section */
		91D7BBEE20D1EE41003056A4 /* Frameworks */ = {
			isa = PBXFrameworksBuildPhase;
			buildActionMask = 2147483647;
			files = (
			);
			runOnlyForDeploymentPostprocessing = 0;
		};
		91D7BBF820D1EE41003056A4 /* Frameworks */ = {
			isa = PBXFrameworksBuildPhase;
			buildActionMask = 2147483647;
			files = (
				91D7BBFC20D1EE41003056A4 /* GenericFetcher.framework in Frameworks */,
			);
			runOnlyForDeploymentPostprocessing = 0;
		};
/* End PBXFrameworksBuildPhase section */

/* Begin PBXGroup section */
		91D7BBE820D1EE41003056A4 = {
			isa = PBXGroup;
			children = (
				91D7BBF420D1EE41003056A4 /* GenericFetcher */,
				91D7BBFF20D1EE41003056A4 /* GenericFetcherTests */,
				91D7BBF320D1EE41003056A4 /* Products */,
			);
			sourceTree = "<group>";
		};
		91D7BBF320D1EE41003056A4 /* Products */ = {
			isa = PBXGroup;
			children = (
				91D7BBF220D1EE41003056A4 /* GenericFetcher.framework */,
				91D7BBFB20D1EE41003056A4 /* GenericFetcherTests.xctest */,
			);
			name = Products;
			sourceTree = "<group>";
		};
		91D7BBF420D1EE41003056A4 /* GenericFetcher */ = {
			isa = PBXGroup;
			children = (
				91D7BC0D20D1EED8003056A4 /* CacheHandler.swift */,
				91D7BC0C20D1EED8003056A4 /* Extensions.swift */,
				91D7BC0E20D1EED8003056A4 /* Fetcher.swift */,
				91D7BBF520D1EE41003056A4 /* GenericFetcher.h */,
				91D7BBF620D1EE41003056A4 /* Info.plist */,
				9145A36D210DEB1E00F560E7 /* FetcherError.swift */,
			);
			path = GenericFetcher;
			sourceTree = "<group>";
		};
		91D7BBFF20D1EE41003056A4 /* GenericFetcherTests */ = {
			isa = PBXGroup;
			children = (
				91D7BC0020D1EE41003056A4 /* GenericFetcherTests.swift */,
				91D7BC0220D1EE41003056A4 /* Info.plist */,
			);
			path = GenericFetcherTests;
			sourceTree = "<group>";
		};
/* End PBXGroup section */

/* Begin PBXHeadersBuildPhase section */
		91D7BBEF20D1EE41003056A4 /* Headers */ = {
			isa = PBXHeadersBuildPhase;
			buildActionMask = 2147483647;
			files = (
				91D7BC0320D1EE41003056A4 /* GenericFetcher.h in Headers */,
			);
			runOnlyForDeploymentPostprocessing = 0;
		};
/* End PBXHeadersBuildPhase section */

/* Begin PBXNativeTarget section */
		91D7BBF120D1EE41003056A4 /* GenericFetcher */ = {
			isa = PBXNativeTarget;
			buildConfigurationList = 91D7BC0620D1EE41003056A4 /* Build configuration list for PBXNativeTarget "GenericFetcher" */;
			buildPhases = (
				91D7BBED20D1EE41003056A4 /* Sources */,
				91D7BBEE20D1EE41003056A4 /* Frameworks */,
				91D7BBEF20D1EE41003056A4 /* Headers */,
				91D7BBF020D1EE41003056A4 /* Resources */,
			);
			buildRules = (
			);
			dependencies = (
			);
			name = GenericFetcher;
			productName = GenericFetcher;
			productReference = 91D7BBF220D1EE41003056A4 /* GenericFetcher.framework */;
			productType = "com.apple.product-type.framework";
		};
		91D7BBFA20D1EE41003056A4 /* GenericFetcherTests */ = {
			isa = PBXNativeTarget;
			buildConfigurationList = 91D7BC0920D1EE41003056A4 /* Build configuration list for PBXNativeTarget "GenericFetcherTests" */;
			buildPhases = (
				91D7BBF720D1EE41003056A4 /* Sources */,
				91D7BBF820D1EE41003056A4 /* Frameworks */,
				91D7BBF920D1EE41003056A4 /* Resources */,
			);
			buildRules = (
			);
			dependencies = (
				91D7BBFE20D1EE41003056A4 /* PBXTargetDependency */,
			);
			name = GenericFetcherTests;
			productName = GenericFetcherTests;
			productReference = 91D7BBFB20D1EE41003056A4 /* GenericFetcherTests.xctest */;
			productType = "com.apple.product-type.bundle.unit-test";
		};
/* End PBXNativeTarget section */

/* Begin PBXProject section */
		91D7BBE920D1EE41003056A4 /* Project object */ = {
			isa = PBXProject;
			attributes = {
				LastSwiftUpdateCheck = 0940;
				LastUpgradeCheck = 0940;
				ORGANIZATIONNAME = "Baris Cem Baykara";
				TargetAttributes = {
					91D7BBF120D1EE41003056A4 = {
						CreatedOnToolsVersion = 9.4.1;
						LastSwiftMigration = 0940;
					};
					91D7BBFA20D1EE41003056A4 = {
						CreatedOnToolsVersion = 9.4.1;
					};
				};
			};
			buildConfigurationList = 91D7BBEC20D1EE41003056A4 /* Build configuration list for PBXProject "GenericFetcher" */;
			compatibilityVersion = "Xcode 9.3";
			developmentRegion = en;
			hasScannedForEncodings = 0;
			knownRegions = (
				en,
			);
			mainGroup = 91D7BBE820D1EE41003056A4;
			productRefGroup = 91D7BBF320D1EE41003056A4 /* Products */;
			projectDirPath = "";
			projectRoot = "";
			targets = (
				91D7BBF120D1EE41003056A4 /* GenericFetcher */,
				91D7BBFA20D1EE41003056A4 /* GenericFetcherTests */,
			);
		};
/* End PBXProject section */

/* Begin PBXResourcesBuildPhase section */
		91D7BBF020D1EE41003056A4 /* Resources */ = {
			isa = PBXResourcesBuildPhase;
			buildActionMask = 2147483647;
			files = (
			);
			runOnlyForDeploymentPostprocessing = 0;
		};
		91D7BBF920D1EE41003056A4 /* Resources */ = {
			isa = PBXResourcesBuildPhase;
			buildActionMask = 2147483647;
			files = (
			);
			runOnlyForDeploymentPostprocessing = 0;
		};
/* End PBXResourcesBuildPhase section */

/* Begin PBXSourcesBuildPhase section */
		91D7BBED20D1EE41003056A4 /* Sources */ = {
			isa = PBXSourcesBuildPhase;
			buildActionMask = 2147483647;
			files = (
				9145A36E210DEB1E00F560E7 /* FetcherError.swift in Sources */,
				91D7BC0F20D1EED8003056A4 /* Extensions.swift in Sources */,
				91D7BC1020D1EED8003056A4 /* CacheHandler.swift in Sources */,
				91D7BC1120D1EED8003056A4 /* Fetcher.swift in Sources */,
			);
			runOnlyForDeploymentPostprocessing = 0;
		};
		91D7BBF720D1EE41003056A4 /* Sources */ = {
			isa = PBXSourcesBuildPhase;
			buildActionMask = 2147483647;
			files = (
				91D7BC0120D1EE41003056A4 /* GenericFetcherTests.swift in Sources */,
			);
			runOnlyForDeploymentPostprocessing = 0;
		};
/* End PBXSourcesBuildPhase section */

/* Begin PBXTargetDependency section */
		91D7BBFE20D1EE41003056A4 /* PBXTargetDependency */ = {
			isa = PBXTargetDependency;
			target = 91D7BBF120D1EE41003056A4 /* GenericFetcher */;
			targetProxy = 91D7BBFD20D1EE41003056A4 /* PBXContainerItemProxy */;
		};
/* End PBXTargetDependency section */

/* Begin XCBuildConfiguration section */
		91D7BC0420D1EE41003056A4 /* Debug */ = {
			isa = XCBuildConfiguration;
			buildSettings = {
				ALWAYS_SEARCH_USER_PATHS = NO;
				CLANG_ANALYZER_NONNULL = YES;
				CLANG_ANALYZER_NUMBER_OBJECT_CONVERSION = YES_AGGRESSIVE;
				CLANG_CXX_LANGUAGE_STANDARD = "gnu++14";
				CLANG_CXX_LIBRARY = "libc++";
				CLANG_ENABLE_MODULES = YES;
				CLANG_ENABLE_OBJC_ARC = YES;
				CLANG_ENABLE_OBJC_WEAK = YES;
				CLANG_WARN_BLOCK_CAPTURE_AUTORELEASING = YES;
				CLANG_WARN_BOOL_CONVERSION = YES;
				CLANG_WARN_COMMA = YES;
				CLANG_WARN_CONSTANT_CONVERSION = YES;
				CLANG_WARN_DEPRECATED_OBJC_IMPLEMENTATIONS = YES;
				CLANG_WARN_DIRECT_OBJC_ISA_USAGE = YES_ERROR;
				CLANG_WARN_DOCUMENTATION_COMMENTS = YES;
				CLANG_WARN_EMPTY_BODY = YES;
				CLANG_WARN_ENUM_CONVERSION = YES;
				CLANG_WARN_INFINITE_RECURSION = YES;
				CLANG_WARN_INT_CONVERSION = YES;
				CLANG_WARN_NON_LITERAL_NULL_CONVERSION = YES;
				CLANG_WARN_OBJC_IMPLICIT_RETAIN_SELF = YES;
				CLANG_WARN_OBJC_LITERAL_CONVERSION = YES;
				CLANG_WARN_OBJC_ROOT_CLASS = YES_ERROR;
				CLANG_WARN_RANGE_LOOP_ANALYSIS = YES;
				CLANG_WARN_STRICT_PROTOTYPES = YES;
				CLANG_WARN_SUSPICIOUS_MOVE = YES;
				CLANG_WARN_UNGUARDED_AVAILABILITY = YES_AGGRESSIVE;
				CLANG_WARN_UNREACHABLE_CODE = YES;
				CLANG_WARN__DUPLICATE_METHOD_MATCH = YES;
				CODE_SIGN_IDENTITY = "iPhone Developer";
				COPY_PHASE_STRIP = NO;
				CURRENT_PROJECT_VERSION = 1;
				DEBUG_INFORMATION_FORMAT = dwarf;
				ENABLE_STRICT_OBJC_MSGSEND = YES;
				ENABLE_TESTABILITY = YES;
				GCC_C_LANGUAGE_STANDARD = gnu11;
				GCC_DYNAMIC_NO_PIC = NO;
				GCC_NO_COMMON_BLOCKS = YES;
				GCC_OPTIMIZATION_LEVEL = 0;
				GCC_PREPROCESSOR_DEFINITIONS = (
					"DEBUG=1",
					"$(inherited)",
				);
				GCC_WARN_64_TO_32_BIT_CONVERSION = YES;
				GCC_WARN_ABOUT_RETURN_TYPE = YES_ERROR;
				GCC_WARN_UNDECLARED_SELECTOR = YES;
				GCC_WARN_UNINITIALIZED_AUTOS = YES_AGGRESSIVE;
				GCC_WARN_UNUSED_FUNCTION = YES;
				GCC_WARN_UNUSED_VARIABLE = YES;
				IPHONEOS_DEPLOYMENT_TARGET = 11.4;
				MTL_ENABLE_DEBUG_INFO = YES;
				ONLY_ACTIVE_ARCH = YES;
				SDKROOT = iphoneos;
				SWIFT_ACTIVE_COMPILATION_CONDITIONS = DEBUG;
				SWIFT_OPTIMIZATION_LEVEL = "-Onone";
				VERSIONING_SYSTEM = "apple-generic";
				VERSION_INFO_PREFIX = "";
			};
			name = Debug;
		};
		91D7BC0520D1EE41003056A4 /* Release */ = {
			isa = XCBuildConfiguration;
			buildSettings = {
				ALWAYS_SEARCH_USER_PATHS = NO;
				CLANG_ANALYZER_NONNULL = YES;
				CLANG_ANALYZER_NUMBER_OBJECT_CONVERSION = YES_AGGRESSIVE;
				CLANG_CXX_LANGUAGE_STANDARD = "gnu++14";
				CLANG_CXX_LIBRARY = "libc++";
				CLANG_ENABLE_MODULES = YES;
				CLANG_ENABLE_OBJC_ARC = YES;
				CLANG_ENABLE_OBJC_WEAK = YES;
				CLANG_WARN_BLOCK_CAPTURE_AUTORELEASING = YES;
				CLANG_WARN_BOOL_CONVERSION = YES;
				CLANG_WARN_COMMA = YES;
				CLANG_WARN_CONSTANT_CONVERSION = YES;
				CLANG_WARN_DEPRECATED_OBJC_IMPLEMENTATIONS = YES;
				CLANG_WARN_DIRECT_OBJC_ISA_USAGE = YES_ERROR;
				CLANG_WARN_DOCUMENTATION_COMMENTS = YES;
				CLANG_WARN_EMPTY_BODY = YES;
				CLANG_WARN_ENUM_CONVERSION = YES;
				CLANG_WARN_INFINITE_RECURSION = YES;
				CLANG_WARN_INT_CONVERSION = YES;
				CLANG_WARN_NON_LITERAL_NULL_CONVERSION = YES;
				CLANG_WARN_OBJC_IMPLICIT_RETAIN_SELF = YES;
				CLANG_WARN_OBJC_LITERAL_CONVERSION = YES;
				CLANG_WARN_OBJC_ROOT_CLASS = YES_ERROR;
				CLANG_WARN_RANGE_LOOP_ANALYSIS = YES;
				CLANG_WARN_STRICT_PROTOTYPES = YES;
				CLANG_WARN_SUSPICIOUS_MOVE = YES;
				CLANG_WARN_UNGUARDED_AVAILABILITY = YES_AGGRESSIVE;
				CLANG_WARN_UNREACHABLE_CODE = YES;
				CLANG_WARN__DUPLICATE_METHOD_MATCH = YES;
				CODE_SIGN_IDENTITY = "iPhone Developer";
				COPY_PHASE_STRIP = NO;
				CURRENT_PROJECT_VERSION = 1;
				DEBUG_INFORMATION_FORMAT = "dwarf-with-dsym";
				ENABLE_NS_ASSERTIONS = NO;
				ENABLE_STRICT_OBJC_MSGSEND = YES;
				GCC_C_LANGUAGE_STANDARD = gnu11;
				GCC_NO_COMMON_BLOCKS = YES;
				GCC_WARN_64_TO_32_BIT_CONVERSION = YES;
				GCC_WARN_ABOUT_RETURN_TYPE = YES_ERROR;
				GCC_WARN_UNDECLARED_SELECTOR = YES;
				GCC_WARN_UNINITIALIZED_AUTOS = YES_AGGRESSIVE;
				GCC_WARN_UNUSED_FUNCTION = YES;
				GCC_WARN_UNUSED_VARIABLE = YES;
				IPHONEOS_DEPLOYMENT_TARGET = 11.4;
				MTL_ENABLE_DEBUG_INFO = NO;
				SDKROOT = iphoneos;
				SWIFT_COMPILATION_MODE = wholemodule;
				SWIFT_OPTIMIZATION_LEVEL = "-O";
				VALIDATE_PRODUCT = YES;
				VERSIONING_SYSTEM = "apple-generic";
				VERSION_INFO_PREFIX = "";
			};
			name = Release;
		};
		91D7BC0720D1EE41003056A4 /* Debug */ = {
			isa = XCBuildConfiguration;
			buildSettings = {
				CLANG_ENABLE_MODULES = YES;
				CODE_SIGN_IDENTITY = "";
				CODE_SIGN_STYLE = Automatic;
				DEFINES_MODULE = YES;
				DEVELOPMENT_TEAM = S4LYG53R7W;
				DYLIB_COMPATIBILITY_VERSION = 1;
				DYLIB_CURRENT_VERSION = 1;
				DYLIB_INSTALL_NAME_BASE = "@rpath";
				INFOPLIST_FILE = GenericFetcher/Info.plist;
				INSTALL_PATH = "$(LOCAL_LIBRARY_DIR)/Frameworks";
				IPHONEOS_DEPLOYMENT_TARGET = 8.0;
				LD_RUNPATH_SEARCH_PATHS = (
					"$(inherited)",
					"@executable_path/Frameworks",
					"@loader_path/Frameworks",
				);
				PRODUCT_BUNDLE_IDENTIFIER = bariscem.GenericFetcher;
				PRODUCT_NAME = "$(TARGET_NAME:c99extidentifier)";
				SKIP_INSTALL = YES;
				SWIFT_OPTIMIZATION_LEVEL = "-Onone";
				SWIFT_VERSION = 4.0;
				TARGETED_DEVICE_FAMILY = "1,2";
			};
			name = Debug;
		};
		91D7BC0820D1EE41003056A4 /* Release */ = {
			isa = XCBuildConfiguration;
			buildSettings = {
				CLANG_ENABLE_MODULES = YES;
				CODE_SIGN_IDENTITY = "";
				CODE_SIGN_STYLE = Automatic;
				DEFINES_MODULE = YES;
				DEVELOPMENT_TEAM = S4LYG53R7W;
				DYLIB_COMPATIBILITY_VERSION = 1;
				DYLIB_CURRENT_VERSION = 1;
				DYLIB_INSTALL_NAME_BASE = "@rpath";
				INFOPLIST_FILE = GenericFetcher/Info.plist;
				INSTALL_PATH = "$(LOCAL_LIBRARY_DIR)/Frameworks";
				IPHONEOS_DEPLOYMENT_TARGET = 8.0;
				LD_RUNPATH_SEARCH_PATHS = (
					"$(inherited)",
					"@executable_path/Frameworks",
					"@loader_path/Frameworks",
				);
				PRODUCT_BUNDLE_IDENTIFIER = bariscem.GenericFetcher;
				PRODUCT_NAME = "$(TARGET_NAME:c99extidentifier)";
				SKIP_INSTALL = YES;
				SWIFT_VERSION = 4.0;
				TARGETED_DEVICE_FAMILY = "1,2";
			};
			name = Release;
		};
		91D7BC0A20D1EE41003056A4 /* Debug */ = {
			isa = XCBuildConfiguration;
			buildSettings = {
				ALWAYS_EMBED_SWIFT_STANDARD_LIBRARIES = YES;
				CODE_SIGN_STYLE = Automatic;
				DEVELOPMENT_TEAM = S4LYG53R7W;
				INFOPLIST_FILE = GenericFetcherTests/Info.plist;
				LD_RUNPATH_SEARCH_PATHS = (
					"$(inherited)",
					"@executable_path/Frameworks",
					"@loader_path/Frameworks",
				);
				PRODUCT_BUNDLE_IDENTIFIER = bariscem.GenericFetcherTests;
				PRODUCT_NAME = "$(TARGET_NAME)";
				SWIFT_VERSION = 4.0;
				TARGETED_DEVICE_FAMILY = "1,2";
			};
			name = Debug;
		};
		91D7BC0B20D1EE41003056A4 /* Release */ = {
			isa = XCBuildConfiguration;
			buildSettings = {
				ALWAYS_EMBED_SWIFT_STANDARD_LIBRARIES = YES;
				CODE_SIGN_STYLE = Automatic;
				DEVELOPMENT_TEAM = S4LYG53R7W;
				INFOPLIST_FILE = GenericFetcherTests/Info.plist;
				LD_RUNPATH_SEARCH_PATHS = (
					"$(inherited)",
					"@executable_path/Frameworks",
					"@loader_path/Frameworks",
				);
				PRODUCT_BUNDLE_IDENTIFIER = bariscem.GenericFetcherTests;
				PRODUCT_NAME = "$(TARGET_NAME)";
				SWIFT_VERSION = 4.0;
				TARGETED_DEVICE_FAMILY = "1,2";
			};
			name = Release;
		};
/* End XCBuildConfiguration section */

/* Begin XCConfigurationList section */
		91D7BBEC20D1EE41003056A4 /* Build configuration list for PBXProject "GenericFetcher" */ = {
			isa = XCConfigurationList;
			buildConfigurations = (
				91D7BC0420D1EE41003056A4 /* Debug */,
				91D7BC0520D1EE41003056A4 /* Release */,
			);
			defaultConfigurationIsVisible = 0;
			defaultConfigurationName = Release;
		};
		91D7BC0620D1EE41003056A4 /* Build configuration list for PBXNativeTarget "GenericFetcher" */ = {
			isa = XCConfigurationList;
			buildConfigurations = (
				91D7BC0720D1EE41003056A4 /* Debug */,
				91D7BC0820D1EE41003056A4 /* Release */,
			);
			defaultConfigurationIsVisible = 0;
			defaultConfigurationName = Release;
		};
		91D7BC0920D1EE41003056A4 /* Build configuration list for PBXNativeTarget "GenericFetcherTests" */ = {
			isa = XCConfigurationList;
			buildConfigurations = (
				91D7BC0A20D1EE41003056A4 /* Debug */,
				91D7BC0B20D1EE41003056A4 /* Release */,
			);
			defaultConfigurationIsVisible = 0;
			defaultConfigurationName = Release;
		};
/* End XCConfigurationList section */
	};
	rootObject = 91D7BBE920D1EE41003056A4 /* Project object */;
}
